
Microsoft Visual Studio Solution File, Format Version 12.00
# Visual Studio Version 16
VisualStudioVersion = 16.0.31729.503
MinimumVisualStudioVersion = 10.0.40219.1
Project("{FAE04EC0-301F-11D3-BF4B-00C04F79EFBC}") = "ConsoleApp", "ConsoleApp\ConsoleApp.csproj", "{20879F30-E2DF-4471-B42C-0F78E73A9500}"
EndProject
Global
	GlobalSection(SolutionConfigurationPlatforms) = preSolution
		Debug|Any CPU = Debug|Any CPU
		Release|Any CPU = Release|Any CPU
	EndGlobalSection
	GlobalSection(ProjectConfigurationPlatforms) = postSolution
		{20879F30-E2DF-4471-B42C-0F78E73A9500}.Debug|Any CPU.ActiveCfg = Debug|Any CPU
		{20879F30-E2DF-4471-B42C-0F78E73A9500}.Debug|Any CPU.Build.0 = Debug|Any CPU
		{20879F30-E2DF-4471-B42C-0F78E73A9500}.Release|Any CPU.ActiveCfg = Release|Any CPU
		{20879F30-E2DF-4471-B42C-0F78E73A9500}.Release|Any CPU.Build.0 = Release|Any CPU
	EndGlobalSection
	GlobalSection(SolutionProperties) = preSolution
		HideSolutionNode = FALSE
	EndGlobalSection
	GlobalSection(ExtensibilityGlobals) = postSolution
		SolutionGuid = {A704C758-E69B-4E7E-B993-67994A72969D}
	EndGlobalSection
EndGlobal
